
Microsoft Visual Studio Solution File, Format Version 12.00
# Visual Studio Version 17
VisualStudioVersion = 17.0.31512.422
MinimumVisualStudioVersion = 10.0.40219.1
Project("{2150E333-8FDC-42A3-9474-1A3956D46DE8}") = "src", "src", "{E88E15A0-C752-442D-BF4B-5E7B94D73414}"
EndProject
Project("{2150E333-8FDC-42A3-9474-1A3956D46DE8}") = "test", "test", "{60BABB98-5907-4189-95E5-83F00CECA27D}"
EndProject
Project("{2150E333-8FDC-42A3-9474-1A3956D46DE8}") = "Client", "Client", "{C3750A86-2596-49CE-9E25-5ED87BA2CCBF}"
EndProject
Project("{2150E333-8FDC-42A3-9474-1A3956D46DE8}") = "Infrastructure", "Infrastructure", "{A35130B1-B460-4D1A-8F91-AA07E6EA0BC6}"
EndProject
Project("{2150E333-8FDC-42A3-9474-1A3956D46DE8}") = "Microservice", "Microservice", "{5251AA80-824E-441F-AFFC-80E67B93EEA3}"
EndProject
Project("{9A19103F-16F7-4668-BE54-9A1E7A4F7556}") = "EPM.MVCClient", "EPM.MVCClient\EPM.MVCClient.csproj", "{62623C6A-3F58-4EB4-B688-B71C5ADBC727}"
EndProject
Project("{9A19103F-16F7-4668-BE54-9A1E7A4F7556}") = "EPM.Model", "EPM.Model\EPM.Model.csproj", "{A14DA6CE-784D-4B33-B12F-7211C0641A0E}"
EndProject
Project("{9A19103F-16F7-4668-BE54-9A1E7A4F7556}") = "EPM.Core", "EPM.Core\EPM.Core.csproj", "{9400D567-AD2A-4CDD-9187-E2FACEBB99C7}"
EndProject
Project("{2150E333-8FDC-42A3-9474-1A3956D46DE8}") = "Solution Items", "Solution Items", "{1E111844-711F-4958-BB03-804CCF47E343}"
	ProjectSection(SolutionItems) = preProject
		.editorconfig = .editorconfig
	EndProjectSection
EndProject
Project("{9A19103F-16F7-4668-BE54-9A1E7A4F7556}") = "EPM.UserMicroService", "EPM.UserMicroService\EPM.UserMicroService.csproj", "{5B7C6EAB-C4B4-42B3-B95B-2414BFAEDE13}"
EndProject
Project("{9A19103F-16F7-4668-BE54-9A1E7A4F7556}") = "EPM.RoleMicroService", "EPM.RoleMicroService\EPM.RoleMicroService.csproj", "{8018C4DC-400F-4F81-99D3-19DE8BF8296E}"
EndProject
Project("{9A19103F-16F7-4668-BE54-9A1E7A4F7556}") = "EPM.DepartmentMicroService", "EPM.DepartmentMicroService\EPM.DepartmentMicroService.csproj", "{84405426-0824-4354-BD11-A63F4459BE14}"
EndProject
Project("{9A19103F-16F7-4668-BE54-9A1E7A4F7556}") = "EPM.Console", "EPM.Console\EPM.Console.csproj", "{6560FC2E-C386-4C99-877D-91262946F69B}"
EndProject
Project("{9A19103F-16F7-4668-BE54-9A1E7A4F7556}") = "PollyDemo", "PollyDemo\PollyDemo.csproj", "{81E6486E-19EF-4AAD-83E1-A1F8A19A7235}"
EndProject
Project("{2150E333-8FDC-42A3-9474-1A3956D46DE8}") = "Gateway", "Gateway", "{CBE5DD2D-D5CA-4B13-B88C-B25C29FC453C}"
EndProject
Project("{9A19103F-16F7-4668-BE54-9A1E7A4F7556}") = "EPM.ApiGateway", "EPM.ApiGateway\EPM.ApiGateway.csproj", "{B2C82B4C-237E-465E-ABA3-E93746D0A30B}"
EndProject
Project("{FAE04EC0-301F-11D3-BF4B-00C04F79EFBC}") = "EPM.PermissionMicroService", "EPM.PermissionMicroService\EPM.PermissionMicroService.csproj", "{8638DA7F-A33D-459B-AF99-81FD3D0E9C5F}"
EndProject
Project("{2150E333-8FDC-42A3-9474-1A3956D46DE8}") = "Authentication", "Authentication", "{AF8A1CF1-89A7-4C01-B6A7-65C8D51BBD0D}"
EndProject
Project("{FAE04EC0-301F-11D3-BF4B-00C04F79EFBC}") = "EPM.IdentityServer", "EPM.IdentityServer\EPM.IdentityServer.csproj", "{1F8BCB6A-3B6A-4188-9738-F58E26F33E20}"
EndProject
Global
	GlobalSection(SolutionConfigurationPlatforms) = preSolution
		Debug|Any CPU = Debug|Any CPU
		Release|Any CPU = Release|Any CPU
	EndGlobalSection
	GlobalSection(ProjectConfigurationPlatforms) = postSolution
		{62623C6A-3F58-4EB4-B688-B71C5ADBC727}.Debug|Any CPU.ActiveCfg = Debug|Any CPU
		{62623C6A-3F58-4EB4-B688-B71C5ADBC727}.Debug|Any CPU.Build.0 = Debug|Any CPU
		{62623C6A-3F58-4EB4-B688-B71C5ADBC727}.Release|Any CPU.ActiveCfg = Release|Any CPU
		{62623C6A-3F58-4EB4-B688-B71C5ADBC727}.Release|Any CPU.Build.0 = Release|Any CPU
		{A14DA6CE-784D-4B33-B12F-7211C0641A0E}.Debug|Any CPU.ActiveCfg = Debug|Any CPU
		{A14DA6CE-784D-4B33-B12F-7211C0641A0E}.Debug|Any CPU.Build.0 = Debug|Any CPU
		{A14DA6CE-784D-4B33-B12F-7211C0641A0E}.Release|Any CPU.ActiveCfg = Release|Any CPU
		{A14DA6CE-784D-4B33-B12F-7211C0641A0E}.Release|Any CPU.Build.0 = Release|Any CPU
		{9400D567-AD2A-4CDD-9187-E2FACEBB99C7}.Debug|Any CPU.ActiveCfg = Debug|Any CPU
		{9400D567-AD2A-4CDD-9187-E2FACEBB99C7}.Debug|Any CPU.Build.0 = Debug|Any CPU
		{9400D567-AD2A-4CDD-9187-E2FACEBB99C7}.Release|Any CPU.ActiveCfg = Release|Any CPU
		{9400D567-AD2A-4CDD-9187-E2FACEBB99C7}.Release|Any CPU.Build.0 = Release|Any CPU
		{5B7C6EAB-C4B4-42B3-B95B-2414BFAEDE13}.Debug|Any CPU.ActiveCfg = Debug|Any CPU
		{5B7C6EAB-C4B4-42B3-B95B-2414BFAEDE13}.Debug|Any CPU.Build.0 = Debug|Any CPU
		{5B7C6EAB-C4B4-42B3-B95B-2414BFAEDE13}.Release|Any CPU.ActiveCfg = Release|Any CPU
		{5B7C6EAB-C4B4-42B3-B95B-2414BFAEDE13}.Release|Any CPU.Build.0 = Release|Any CPU
		{8018C4DC-400F-4F81-99D3-19DE8BF8296E}.Debug|Any CPU.ActiveCfg = Debug|Any CPU
		{8018C4DC-400F-4F81-99D3-19DE8BF8296E}.Debug|Any CPU.Build.0 = Debug|Any CPU
		{8018C4DC-400F-4F81-99D3-19DE8BF8296E}.Release|Any CPU.ActiveCfg = Release|Any CPU
		{8018C4DC-400F-4F81-99D3-19DE8BF8296E}.Release|Any CPU.Build.0 = Release|Any CPU
		{84405426-0824-4354-BD11-A63F4459BE14}.Debug|Any CPU.ActiveCfg = Debug|Any CPU
		{84405426-0824-4354-BD11-A63F4459BE14}.Debug|Any CPU.Build.0 = Debug|Any CPU
		{84405426-0824-4354-BD11-A63F4459BE14}.Release|Any CPU.ActiveCfg = Release|Any CPU
		{84405426-0824-4354-BD11-A63F4459BE14}.Release|Any CPU.Build.0 = Release|Any CPU
		{6560FC2E-C386-4C99-877D-91262946F69B}.Debug|Any CPU.ActiveCfg = Debug|Any CPU
		{6560FC2E-C386-4C99-877D-91262946F69B}.Debug|Any CPU.Build.0 = Debug|Any CPU
		{6560FC2E-C386-4C99-877D-91262946F69B}.Release|Any CPU.ActiveCfg = Release|Any CPU
		{6560FC2E-C386-4C99-877D-91262946F69B}.Release|Any CPU.Build.0 = Release|Any CPU
		{81E6486E-19EF-4AAD-83E1-A1F8A19A7235}.Debug|Any CPU.ActiveCfg = Debug|Any CPU
		{81E6486E-19EF-4AAD-83E1-A1F8A19A7235}.Debug|Any CPU.Build.0 = Debug|Any CPU
		{81E6486E-19EF-4AAD-83E1-A1F8A19A7235}.Release|Any CPU.ActiveCfg = Release|Any CPU
		{81E6486E-19EF-4AAD-83E1-A1F8A19A7235}.Release|Any CPU.Build.0 = Release|Any CPU
		{B2C82B4C-237E-465E-ABA3-E93746D0A30B}.Debug|Any CPU.ActiveCfg = Debug|Any CPU
		{B2C82B4C-237E-465E-ABA3-E93746D0A30B}.Debug|Any CPU.Build.0 = Debug|Any CPU
		{B2C82B4C-237E-465E-ABA3-E93746D0A30B}.Release|Any CPU.ActiveCfg = Release|Any CPU
		{B2C82B4C-237E-465E-ABA3-E93746D0A30B}.Release|Any CPU.Build.0 = Release|Any CPU
		{8638DA7F-A33D-459B-AF99-81FD3D0E9C5F}.Debug|Any CPU.ActiveCfg = Debug|Any CPU
		{8638DA7F-A33D-459B-AF99-81FD3D0E9C5F}.Debug|Any CPU.Build.0 = Debug|Any CPU
		{8638DA7F-A33D-459B-AF99-81FD3D0E9C5F}.Release|Any CPU.ActiveCfg = Release|Any CPU
		{8638DA7F-A33D-459B-AF99-81FD3D0E9C5F}.Release|Any CPU.Build.0 = Release|Any CPU
		{1F8BCB6A-3B6A-4188-9738-F58E26F33E20}.Debug|Any CPU.ActiveCfg = Debug|Any CPU
		{1F8BCB6A-3B6A-4188-9738-F58E26F33E20}.Debug|Any CPU.Build.0 = Debug|Any CPU
		{1F8BCB6A-3B6A-4188-9738-F58E26F33E20}.Release|Any CPU.ActiveCfg = Release|Any CPU
		{1F8BCB6A-3B6A-4188-9738-F58E26F33E20}.Release|Any CPU.Build.0 = Release|Any CPU
	EndGlobalSection
	GlobalSection(SolutionProperties) = preSolution
		HideSolutionNode = FALSE
	EndGlobalSection
	GlobalSection(NestedProjects) = preSolution
		{C3750A86-2596-49CE-9E25-5ED87BA2CCBF} = {E88E15A0-C752-442D-BF4B-5E7B94D73414}
		{A35130B1-B460-4D1A-8F91-AA07E6EA0BC6} = {E88E15A0-C752-442D-BF4B-5E7B94D73414}
		{5251AA80-824E-441F-AFFC-80E67B93EEA3} = {E88E15A0-C752-442D-BF4B-5E7B94D73414}
		{62623C6A-3F58-4EB4-B688-B71C5ADBC727} = {C3750A86-2596-49CE-9E25-5ED87BA2CCBF}
		{A14DA6CE-784D-4B33-B12F-7211C0641A0E} = {A35130B1-B460-4D1A-8F91-AA07E6EA0BC6}
		{9400D567-AD2A-4CDD-9187-E2FACEBB99C7} = {A35130B1-B460-4D1A-8F91-AA07E6EA0BC6}
		{5B7C6EAB-C4B4-42B3-B95B-2414BFAEDE13} = {5251AA80-824E-441F-AFFC-80E67B93EEA3}
		{8018C4DC-400F-4F81-99D3-19DE8BF8296E} = {5251AA80-824E-441F-AFFC-80E67B93EEA3}
		{84405426-0824-4354-BD11-A63F4459BE14} = {5251AA80-824E-441F-AFFC-80E67B93EEA3}
		{6560FC2E-C386-4C99-877D-91262946F69B} = {C3750A86-2596-49CE-9E25-5ED87BA2CCBF}
		{81E6486E-19EF-4AAD-83E1-A1F8A19A7235} = {C3750A86-2596-49CE-9E25-5ED87BA2CCBF}
		{CBE5DD2D-D5CA-4B13-B88C-B25C29FC453C} = {E88E15A0-C752-442D-BF4B-5E7B94D73414}
		{B2C82B4C-237E-465E-ABA3-E93746D0A30B} = {CBE5DD2D-D5CA-4B13-B88C-B25C29FC453C}
		{8638DA7F-A33D-459B-AF99-81FD3D0E9C5F} = {5251AA80-824E-441F-AFFC-80E67B93EEA3}
		{AF8A1CF1-89A7-4C01-B6A7-65C8D51BBD0D} = {E88E15A0-C752-442D-BF4B-5E7B94D73414}
		{1F8BCB6A-3B6A-4188-9738-F58E26F33E20} = {AF8A1CF1-89A7-4C01-B6A7-65C8D51BBD0D}
	EndGlobalSection
	GlobalSection(ExtensibilityGlobals) = postSolution
		SolutionGuid = {13964F51-2AEB-4E30-B78A-01079CF18735}
	EndGlobalSection
EndGlobal
